PODS:
  - Megazord_Poke_KMM (1.0)

DEPENDENCIES:
  - Megazord_Poke_KMM (from `../Android/Megazord_Poke_KMM`)

EXTERNAL SOURCES:
  Megazord_Poke_KMM:
    :path: "../Android/Megazord_Poke_KMM"

SPEC CHECKSUMS:
  Megazord_Poke_KMM: 87b5698360b2f21f70f10f300e3cb9389d9fa155

PODFILE CHECKSUM: 6317ae0aeea560b6153153b7c3a11571dec510db

COCOAPODS: 1.10.1
